{
  "name": "elevator",
  "version": "1.0.0",
  "lockfileVersion": 2,
  "requires": true,
  "packages": {
    "": {
      "name": "elevator",
      "version": "1.0.0",
      "license": "MIT",
      "dependencies": {
        "fsm.js": "file:../.."
      }
    },
    "../..": {
      "version": "2.0.0",
      "license": "MIT",
      "devDependencies": {
        "eslint": "^8.14.0",
        "jest": "^28.0.3",
        "rollup": "^2.71.1",
        "rollup-plugin-terser": "^7.0.2",
        "sinon": "^11.1.2"
      }
    },
    "node_modules/fsm.js": {
      "resolved": "../..",
      "link": true
    }
  },
  "dependencies": {
    "fsm.js": {
      "version": "file:../..",
      "requires": {
        "eslint": "^8.14.0",
        "jest": "^28.0.3",
        "rollup": "^2.71.1",
        "rollup-plugin-terser": "^7.0.2",
        "sinon": "^11.1.2"
      }
    }
  }
}
